
Microsoft Visual Studio Solution File, Format Version 12.00
# Visual Studio Version 18
VisualStudioVersion = 18.1.11312.151 d18.0
MinimumVisualStudioVersion = 10.0.40219.1
Project("{FAE04EC0-301F-11D3-BF4B-00C04F79EFBC}") = "ConsoleApp", "ConsoleApp\ConsoleApp.csproj", "{B8A3FBFD-A877-AB3A-3856-A3E51268C209}"
EndProject
Project("{FAE04EC0-301F-11D3-BF4B-00C04F79EFBC}") = "WebScraperDll", "WebScraperDll\WebScraperDll.csproj", "{E2AA6B24-C9CD-17CE-7867-6E298DDDD7CD}"
EndProject
Global
	GlobalSection(SolutionConfigurationPlatforms) = preSolution
		Debug|Any CPU = Debug|Any CPU
		Release|Any CPU = Release|Any CPU
	EndGlobalSection
	GlobalSection(ProjectConfigurationPlatforms) = postSolution
		{B8A3FBFD-A877-AB3A-3856-A3E51268C209}.Debug|Any CPU.ActiveCfg = Debug|Any CPU
		{B8A3FBFD-A877-AB3A-3856-A3E51268C209}.Debug|Any CPU.Build.0 = Debug|Any CPU
		{B8A3FBFD-A877-AB3A-3856-A3E51268C209}.Release|Any CPU.ActiveCfg = Release|Any CPU
		{B8A3FBFD-A877-AB3A-3856-A3E51268C209}.Release|Any CPU.Build.0 = Release|Any CPU
		{E2AA6B24-C9CD-17CE-7867-6E298DDDD7CD}.Debug|Any CPU.ActiveCfg = Debug|Any CPU
		{E2AA6B24-C9CD-17CE-7867-6E298DDDD7CD}.Debug|Any CPU.Build.0 = Debug|Any CPU
		{E2AA6B24-C9CD-17CE-7867-6E298DDDD7CD}.Release|Any CPU.ActiveCfg = Release|Any CPU
		{E2AA6B24-C9CD-17CE-7867-6E298DDDD7CD}.Release|Any CPU.Build.0 = Release|Any CPU
	EndGlobalSection
	GlobalSection(SolutionProperties) = preSolution
		HideSolutionNode = FALSE
	EndGlobalSection
	GlobalSection(ExtensibilityGlobals) = postSolution
		SolutionGuid = {D3E98FCE-EFD8-48EA-857F-9BE86027EF97}
	EndGlobalSection
EndGlobal
